
Microsoft Visual Studio Solution File, Format Version 12.00
# Visual Studio Version 17
VisualStudioVersion = 17.0.31903.59
MinimumVisualStudioVersion = 10.0.40219.1
Project("{2150E333-8FDC-42A3-9474-1A3956D46DE8}") = "src", "src", "{49264FA1-C9C4-4E43-9119-BAA43FC5E89F}"
EndProject
Project("{FAE04EC0-301F-11D3-BF4B-00C04F79EFBC}") = "Soresu", "src\Soresu\Soresu.csproj", "{7C18A2B6-5867-487E-9E6C-2F31C8B9B605}"
EndProject
Global
	GlobalSection(SolutionConfigurationPlatforms) = preSolution
		Debug|Any CPU = Debug|Any CPU
		Release|Any CPU = Release|Any CPU
	EndGlobalSection
	GlobalSection(SolutionProperties) = preSolution
		HideSolutionNode = FALSE
	EndGlobalSection
	GlobalSection(ProjectConfigurationPlatforms) = postSolution
		{7C18A2B6-5867-487E-9E6C-2F31C8B9B605}.Debug|Any CPU.ActiveCfg = Debug|Any CPU
		{7C18A2B6-5867-487E-9E6C-2F31C8B9B605}.Debug|Any CPU.Build.0 = Debug|Any CPU
		{7C18A2B6-5867-487E-9E6C-2F31C8B9B605}.Release|Any CPU.ActiveCfg = Release|Any CPU
		{7C18A2B6-5867-487E-9E6C-2F31C8B9B605}.Release|Any CPU.Build.0 = Release|Any CPU
	EndGlobalSection
	GlobalSection(NestedProjects) = preSolution
		{7C18A2B6-5867-487E-9E6C-2F31C8B9B605} = {49264FA1-C9C4-4E43-9119-BAA43FC5E89F}
	EndGlobalSection
EndGlobal
